
Microsoft Visual Studio Solution File, Format Version 12.00
# Visual Studio Version 16
VisualStudioVersion = 16.0.30717.126
MinimumVisualStudioVersion = 10.0.40219.1
Project("{FAE04EC0-301F-11D3-BF4B-00C04F79EFBC}") = "TugasWeek14", "TugasWeek14\TugasWeek14.csproj", "{518ECD8F-1696-4CB6-BE18-D44CE7D0FF04}"
EndProject
Global
	GlobalSection(SolutionConfigurationPlatforms) = preSolution
		Debug|Any CPU = Debug|Any CPU
		Release|Any CPU = Release|Any CPU
	EndGlobalSection
	GlobalSection(ProjectConfigurationPlatforms) = postSolution
		{518ECD8F-1696-4CB6-BE18-D44CE7D0FF04}.Debug|Any CPU.ActiveCfg = Debug|Any CPU
		{518ECD8F-1696-4CB6-BE18-D44CE7D0FF04}.Debug|Any CPU.Build.0 = Debug|Any CPU
		{518ECD8F-1696-4CB6-BE18-D44CE7D0FF04}.Release|Any CPU.ActiveCfg = Release|Any CPU
		{518ECD8F-1696-4CB6-BE18-D44CE7D0FF04}.Release|Any CPU.Build.0 = Release|Any CPU
	EndGlobalSection
	GlobalSection(SolutionProperties) = preSolution
		HideSolutionNode = FALSE
	EndGlobalSection
	GlobalSection(ExtensibilityGlobals) = postSolution
		SolutionGuid = {3AD24320-D91A-4422-B51B-6A9D06ED36E7}
	EndGlobalSection
EndGlobal
